<?xml version="1.0" encoding="utf-8"?>
<Project ToolsVersion="4.0" xmlns="http://schemas.microsoft.com/developer/msbuild/2003">
  <ItemGroup>
    <ClCompile Include="MPI_Functions.cpp">
      <Filter>Source Files</Filter>
    </ClCompile>
    <ClCompile Include="MyApp.cpp">
      <Filter>Source Files</Filter>
    </ClCompile>
    <ClCompile Include="Perceptron.cpp">
      <Filter>Source Files</Filter>
    </ClCompile>
    <ClCompile Include="ReadWriteFileFunctions.cpp">
      <Filter>Source Files</Filter>
    </ClCompile>
  </ItemGroup>
  <ItemGroup>
    <ClInclude Include="MPI_Functions.h">
      <Filter>Header Files</Filter>
    </ClInclude>
    <ClInclude Include="Perceptron.h">
      <Filter>Header Files</Filter>
    </ClInclude>
    <ClInclude Include="ReadWriteFileFunctions.h">
      <Filter>Header Files</Filter>
    </ClInclude>
    <ClInclude Include="kernel.h">
      <Filter>Header Files</Filter>
    </ClInclude>
  </ItemGroup>
  <ItemGroup>
    <Filter Include="Header Files">
      <UniqueIdentifier>{496ee287-9e63-426b-93c7-89e6d16bf294}</UniqueIdentifier>
    </Filter>
    <Filter Include="Source Files">
      <UniqueIdentifier>{30bbb71f-bfa7-4ae9-9295-df4e9ad26a77}</UniqueIdentifier>
    </Filter>
  </ItemGroup>
  <ItemGroup>
    <CudaCompile Include="kernel.cu">
      <Filter>Source Files</Filter>
    </CudaCompile>
  </ItemGroup>
</Project>